
Microsoft Visual Studio Solution File, Format Version 12.00
# Visual Studio Version 16
VisualStudioVersion = 16.0.31729.503
MinimumVisualStudioVersion = 10.0.40219.1
Project("{FAE04EC0-301F-11D3-BF4B-00C04F79EFBC}") = "ClusterEnv", "ClusterEnv\ClusterEnv.csproj", "{9B14B2A0-FCBD-4EA3-B0C4-30280B503628}"
EndProject
Global
	GlobalSection(SolutionConfigurationPlatforms) = preSolution
		Debug|Any CPU = Debug|Any CPU
		Release|Any CPU = Release|Any CPU
	EndGlobalSection
	GlobalSection(ProjectConfigurationPlatforms) = postSolution
		{9B14B2A0-FCBD-4EA3-B0C4-30280B503628}.Debug|Any CPU.ActiveCfg = Debug|Any CPU
		{9B14B2A0-FCBD-4EA3-B0C4-30280B503628}.Debug|Any CPU.Build.0 = Debug|Any CPU
		{9B14B2A0-FCBD-4EA3-B0C4-30280B503628}.Release|Any CPU.ActiveCfg = Release|Any CPU
		{9B14B2A0-FCBD-4EA3-B0C4-30280B503628}.Release|Any CPU.Build.0 = Release|Any CPU
	EndGlobalSection
	GlobalSection(SolutionProperties) = preSolution
		HideSolutionNode = FALSE
	EndGlobalSection
	GlobalSection(ExtensibilityGlobals) = postSolution
		SolutionGuid = {1225F460-E87D-4922-90F2-A714F98688AA}
	EndGlobalSection
EndGlobal
